// !$*UTF8*$!
{
	archiveVersion = 1;
	classes = {
	};
	objectVersion = 50;
	objects = {

/* Begin PBXBuildFile section */
		A78C4932243273B600321AFA /* AppDelegate.swift in Sources */ = {isa = PBXBuildFile; fileRef = A78C4931243273B600321AFA /* AppDelegate.swift */; };
		A78C4934243273B600321AFA /* SceneDelegate.swift in Sources */ = {isa = PBXBuildFile; fileRef = A78C4933243273B600321AFA /* SceneDelegate.swift */; };
		A78C493B243273BA00321AFA /* Assets.xcassets in Resources */ = {isa = PBXBuildFile; fileRef = A78C493A243273BA00321AFA /* Assets.xcassets */; };
		A78C493E243273BA00321AFA /* LaunchScreen.storyboard in Resources */ = {isa = PBXBuildFile; fileRef = A78C493C243273BA00321AFA /* LaunchScreen.storyboard */; };
		A78C494624327C4D00321AFA /* MainViewController.swift in Sources */ = {isa = PBXBuildFile; fileRef = A78C494524327C4D00321AFA /* MainViewController.swift */; };
		A78C494824328F3300321AFA /* NextViewController.swift in Sources */ = {isa = PBXBuildFile; fileRef = A78C494724328F3300321AFA /* NextViewController.swift */; };
		A78C498B2432A49400321AFA /* Audios.swift in Sources */ = {isa = PBXBuildFile; fileRef = A78C498A2432A49400321AFA /* Audios.swift */; };
		A78C49DC2432A7F000321AFA /* Star Wars SoundFX_32.mp3 in Resources */ = {isa = PBXBuildFile; fileRef = A78C498D2432A7E800321AFA /* Star Wars SoundFX_32.mp3 */; };
		A78C49DD2432A7F000321AFA /* Star Wars SoundFX_53.mp3 in Resources */ = {isa = PBXBuildFile; fileRef = A78C498E2432A7E800321AFA /* Star Wars SoundFX_53.mp3 */; };
		A78C49DE2432A7F000321AFA /* Star Wars SoundFX_10.mp3 in Resources */ = {isa = PBXBuildFile; fileRef = A78C498F2432A7E800321AFA /* Star Wars SoundFX_10.mp3 */; };
		A78C49DF2432A7F000321AFA /* Star Wars SoundFX_25.mp3 in Resources */ = {isa = PBXBuildFile; fileRef = A78C49902432A7E800321AFA /* Star Wars SoundFX_25.mp3 */; };
		A78C49E02432A7F000321AFA /* Star Wars SoundFX_58.mp3 in Resources */ = {isa = PBXBuildFile; fileRef = A78C49912432A7E800321AFA /* Star Wars SoundFX_58.mp3 */; };
		A78C49E12432A7F000321AFA /* Star Wars SoundFX_76.mp3 in Resources */ = {isa = PBXBuildFile; fileRef = A78C49922432A7E800321AFA /* Star Wars SoundFX_76.mp3 */; };
		A78C49E22432A7F000321AFA /* Star Wars SoundFX_52.mp3 in Resources */ = {isa = PBXBuildFile; fileRef = A78C49932432A7E800321AFA /* Star Wars SoundFX_52.mp3 */; };
		A78C49E32432A7F000321AFA /* Star Wars SoundFX_7.mp3 in Resources */ = {isa = PBXBuildFile; fileRef = A78C49942432A7E800321AFA /* Star Wars SoundFX_7.mp3 */; };
		A78C49E42432A7F000321AFA /* Star Wars SoundFX_38.mp3 in Resources */ = {isa = PBXBuildFile; fileRef = A78C49952432A7E800321AFA /* Star Wars SoundFX_38.mp3 */; };
		A78C49E52432A7F000321AFA /* Star Wars SoundFX_35.mp3 in Resources */ = {isa = PBXBuildFile; fileRef = A78C49962432A7E800321AFA /* Star Wars SoundFX_35.mp3 */; };
		A78C49E62432A7F000321AFA /* Star Wars SoundFX_46.mp3 in Resources */ = {isa = PBXBuildFile; fileRef = A78C49972432A7E800321AFA /* Star Wars SoundFX_46.mp3 */; };
		A78C49E72432A7F000321AFA /* Star Wars SoundFX_45.mp3 in Resources */ = {isa = PBXBuildFile; fileRef = A78C49982432A7E800321AFA /* Star Wars SoundFX_45.mp3 */; };
		A78C49E82432A7F000321AFA /* Star Wars SoundFX_79.mp3 in Resources */ = {isa = PBXBuildFile; fileRef = A78C49992432A7E900321AFA /* Star Wars SoundFX_79.mp3 */; };
		A78C49E92432A7F000321AFA /* Star Wars SoundFX_23.mp3 in Resources */ = {isa = PBXBuildFile; fileRef = A78C499A2432A7E900321AFA /* Star Wars SoundFX_23.mp3 */; };
		A78C49EA2432A7F000321AFA /* Star Wars SoundFX_60.mp3 in Resources */ = {isa = PBXBuildFile; fileRef = A78C499B2432A7E900321AFA /* Star Wars SoundFX_60.mp3 */; };
		A78C49EB2432A7F000321AFA /* Star Wars SoundFX_2.mp3 in Resources */ = {isa = PBXBuildFile; fileRef = A78C499C2432A7E900321AFA /* Star Wars SoundFX_2.mp3 */; };
		A78C49EC2432A7F000321AFA /* Star Wars SoundFX_77.mp3 in Resources */ = {isa = PBXBuildFile; fileRef = A78C499D2432A7E900321AFA /* Star Wars SoundFX_77.mp3 */; };
		A78C49ED2432A7F000321AFA /* Star Wars SoundFX_33.mp3 in Resources */ = {isa = PBXBuildFile; fileRef = A78C499E2432A7E900321AFA /* Star Wars SoundFX_33.mp3 */; };
		A78C49EE2432A7F000321AFA /* Star Wars SoundFX_24.mp3 in Resources */ = {isa = PBXBuildFile; fileRef = A78C499F2432A7E900321AFA /* Star Wars SoundFX_24.mp3 */; };
		A78C49EF2432A7F000321AFA /* Star Wars SoundFX_11.mp3 in Resources */ = {isa = PBXBuildFile; fileRef = A78C49A02432A7E900321AFA /* Star Wars SoundFX_11.mp3 */; };
		A78C49F02432A7F000321AFA /* Star Wars SoundFX_55.mp3 in Resources */ = {isa = PBXBuildFile; fileRef = A78C49A12432A7E900321AFA /* Star Wars SoundFX_55.mp3 */; };
		A78C49F12432A7F000321AFA /* Star Wars SoundFX_21.mp3 in Resources */ = {isa = PBXBuildFile; fileRef = A78C49A22432A7E900321AFA /* Star Wars SoundFX_21.mp3 */; };
		A78C49F22432A7F000321AFA /* Star Wars SoundFX_67.mp3 in Resources */ = {isa = PBXBuildFile; fileRef = A78C49A32432A7E900321AFA /* Star Wars SoundFX_67.mp3 */; };
		A78C49F32432A7F000321AFA /* Star Wars SoundFX_19.mp3 in Resources */ = {isa = PBXBuildFile; fileRef = A78C49A42432A7EA00321AFA /* Star Wars SoundFX_19.mp3 */; };
		A78C49F42432A7F000321AFA /* Star Wars SoundFX_71.mp3 in Resources */ = {isa = PBXBuildFile; fileRef = A78C49A52432A7EA00321AFA /* Star Wars SoundFX_71.mp3 */; };
		A78C49F52432A7F000321AFA /* Star Wars SoundFX_12.mp3 in Resources */ = {isa = PBXBuildFile; fileRef = A78C49A62432A7EA00321AFA /* Star Wars SoundFX_12.mp3 */; };
		A78C49F62432A7F000321AFA /* Star Wars SoundFX_64.mp3 in Resources */ = {isa = PBXBuildFile; fileRef = A78C49A72432A7EA00321AFA /* Star Wars SoundFX_64.mp3 */; };
		A78C49F72432A7F000321AFA /* Star Wars SoundFX_15.mp3 in Resources */ = {isa = PBXBuildFile; fileRef = A78C49A82432A7EA00321AFA /* Star Wars SoundFX_15.mp3 */; };
		A78C49F82432A7F000321AFA /* Star Wars SoundFX_37.mp3 in Resources */ = {isa = PBXBuildFile; fileRef = A78C49A92432A7EA00321AFA /* Star Wars SoundFX_37.mp3 */; };
		A78C49F92432A7F000321AFA /* Star Wars SoundFX_39.mp3 in Resources */ = {isa = PBXBuildFile; fileRef = A78C49AA2432A7EA00321AFA /* Star Wars SoundFX_39.mp3 */; };
		A78C49FA2432A7F000321AFA /* Star Wars SoundFX_72.mp3 in Resources */ = {isa = PBXBuildFile; fileRef = A78C49AB2432A7EA00321AFA /* Star Wars SoundFX_72.mp3 */; };
		A78C49FB2432A7F000321AFA /* Star Wars SoundFX_17.mp3 in Resources */ = {isa = PBXBuildFile; fileRef = A78C49AC2432A7EA00321AFA /* Star Wars SoundFX_17.mp3 */; };
		A78C49FC2432A7F000321AFA /* Star Wars SoundFX_3.mp3 in Resources */ = {isa = PBXBuildFile; fileRef = A78C49AD2432A7EA00321AFA /* Star Wars SoundFX_3.mp3 */; };
		A78C49FD2432A7F000321AFA /* Star Wars SoundFX_51.mp3 in Resources */ = {isa = PBXBuildFile; fileRef = A78C49AE2432A7EA00321AFA /* Star Wars SoundFX_51.mp3 */; };
		A78C49FE2432A7F000321AFA /* Star Wars SoundFX_74.mp3 in Resources */ = {isa = PBXBuildFile; fileRef = A78C49AF2432A7EB00321AFA /* Star Wars SoundFX_74.mp3 */; };
		A78C49FF2432A7F000321AFA /* Star Wars SoundFX_75.mp3 in Resources */ = {isa = PBXBuildFile; fileRef = A78C49B02432A7EB00321AFA /* Star Wars SoundFX_75.mp3 */; };
		A78C4A002432A7F000321AFA /* Star Wars SoundFX_78.mp3 in Resources */ = {isa = PBXBuildFile; fileRef = A78C49B12432A7EB00321AFA /* Star Wars SoundFX_78.mp3 */; };
		A78C4A012432A7F000321AFA /* Star Wars SoundFX_28.mp3 in Resources */ = {isa = PBXBuildFile; fileRef = A78C49B22432A7EB00321AFA /* Star Wars SoundFX_28.mp3 */; };
		A78C4A022432A7F000321AFA /* Star Wars SoundFX_41.mp3 in Resources */ = {isa = PBXBuildFile; fileRef = A78C49B32432A7EB00321AFA /* Star Wars SoundFX_41.mp3 */; };
		A78C4A032432A7F000321AFA /* Star Wars SoundFX_27.mp3 in Resources */ = {isa = PBXBuildFile; fileRef = A78C49B42432A7EB00321AFA /* Star Wars SoundFX_27.mp3 */; };
		A78C4A042432A7F000321AFA /* Star Wars SoundFX_13.mp3 in Resources */ = {isa = PBXBuildFile; fileRef = A78C49B52432A7EB00321AFA /* Star Wars SoundFX_13.mp3 */; };
		A78C4A052432A7F000321AFA /* Star Wars SoundFX_65.mp3 in Resources */ = {isa = PBXBuildFile; fileRef = A78C49B62432A7EB00321AFA /* Star Wars SoundFX_65.mp3 */; };
		A78C4A062432A7F000321AFA /* Star Wars SoundFX_73.mp3 in Resources */ = {isa = PBXBuildFile; fileRef = A78C49B72432A7EB00321AFA /* Star Wars SoundFX_73.mp3 */; };
		A78C4A072432A7F000321AFA /* Star Wars SoundFX_50.mp3 in Resources */ = {isa = PBXBuildFile; fileRef = A78C49B82432A7EB00321AFA /* Star Wars SoundFX_50.mp3 */; };
		A78C4A082432A7F000321AFA /* Star Wars SoundFX_63.mp3 in Resources */ = {isa = PBXBuildFile; fileRef = A78C49B92432A7EC00321AFA /* Star Wars SoundFX_63.mp3 */; };
		A78C4A092432A7F000321AFA /* Star Wars SoundFX_18.mp3 in Resources */ = {isa = PBXBuildFile; fileRef = A78C49BA2432A7EC00321AFA /* Star Wars SoundFX_18.mp3 */; };
		A78C4A0A2432A7F000321AFA /* Star Wars SoundFX_59.mp3 in Resources */ = {isa = PBXBuildFile; fileRef = A78C49BB2432A7EC00321AFA /* Star Wars SoundFX_59.mp3 */; };
		A78C4A0B2432A7F000321AFA /* Star Wars SoundFX_70.mp3 in Resources */ = {isa = PBXBuildFile; fileRef = A78C49BC2432A7EC00321AFA /* Star Wars SoundFX_70.mp3 */; };
		A78C4A0C2432A7F000321AFA /* Star Wars SoundFX_69.mp3 in Resources */ = {isa = PBXBuildFile; fileRef = A78C49BD2432A7EC00321AFA /* Star Wars SoundFX_69.mp3 */; };
		A78C4A0D2432A7F000321AFA /* Star Wars SoundFX_26.mp3 in Resources */ = {isa = PBXBuildFile; fileRef = A78C49BE2432A7EC00321AFA /* Star Wars SoundFX_26.mp3 */; };
		A78C4A0E2432A7F000321AFA /* Star Wars SoundFX_14.mp3 in Resources */ = {isa = PBXBuildFile; fileRef = A78C49BF2432A7EC00321AFA /* Star Wars SoundFX_14.mp3 */; };
		A78C4A0F2432A7F000321AFA /* Star Wars SoundFX_29.mp3 in Resources */ = {isa = PBXBuildFile; fileRef = A78C49C02432A7EC00321AFA /* Star Wars SoundFX_29.mp3 */; };
		A78C4A102432A7F000321AFA /* Star Wars SoundFX_5.mp3 in Resources */ = {isa = PBXBuildFile; fileRef = A78C49C12432A7ED00321AFA /* Star Wars SoundFX_5.mp3 */; };
		A78C4A112432A7F000321AFA /* Star Wars SoundFX_44.mp3 in Resources */ = {isa = PBXBuildFile; fileRef = A78C49C22432A7ED00321AFA /* Star Wars SoundFX_44.mp3 */; };
		A78C4A122432A7F000321AFA /* Star Wars SoundFX_36.mp3 in Resources */ = {isa = PBXBuildFile; fileRef = A78C49C32432A7ED00321AFA /* Star Wars SoundFX_36.mp3 */; };
		A78C4A132432A7F000321AFA /* Star Wars SoundFX_66.mp3 in Resources */ = {isa = PBXBuildFile; fileRef = A78C49C42432A7ED00321AFA /* Star Wars SoundFX_66.mp3 */; };
		A78C4A142432A7F000321AFA /* Star Wars SoundFX_43.mp3 in Resources */ = {isa = PBXBuildFile; fileRef = A78C49C52432A7ED00321AFA /* Star Wars SoundFX_43.mp3 */; };
		A78C4A152432A7F000321AFA /* Star Wars SoundFX_9.mp3 in Resources */ = {isa = PBXBuildFile; fileRef = A78C49C62432A7ED00321AFA /* Star Wars SoundFX_9.mp3 */; };
		A78C4A162432A7F000321AFA /* Star Wars SoundFX_48.mp3 in Resources */ = {isa = PBXBuildFile; fileRef = A78C49C72432A7ED00321AFA /* Star Wars SoundFX_48.mp3 */; };
		A78C4A172432A7F000321AFA /* Star Wars SoundFX_57.mp3 in Resources */ = {isa = PBXBuildFile; fileRef = A78C49C82432A7EE00321AFA /* Star Wars SoundFX_57.mp3 */; };
		A78C4A182432A7F000321AFA /* Star Wars SoundFX_42.mp3 in Resources */ = {isa = PBXBuildFile; fileRef = A78C49C92432A7EE00321AFA /* Star Wars SoundFX_42.mp3 */; };
		A78C4A192432A7F000321AFA /* Star Wars SoundFX_22.mp3 in Resources */ = {isa = PBXBuildFile; fileRef = A78C49CA2432A7EE00321AFA /* Star Wars SoundFX_22.mp3 */; };
		A78C4A1A2432A7F000321AFA /* Star Wars SoundFX_20.mp3 in Resources */ = {isa = PBXBuildFile; fileRef = A78C49CB2432A7EE00321AFA /* Star Wars SoundFX_20.mp3 */; };
		A78C4A1B2432A7F000321AFA /* Star Wars SoundFX_56.mp3 in Resources */ = {isa = PBXBuildFile; fileRef = A78C49CC2432A7EE00321AFA /* Star Wars SoundFX_56.mp3 */; };
		A78C4A1C2432A7F000321AFA /* Star Wars SoundFX_1.mp3 in Resources */ = {isa = PBXBuildFile; fileRef = A78C49CD2432A7EE00321AFA /* Star Wars SoundFX_1.mp3 */; };
		A78C4A1D2432A7F000321AFA /* Star Wars SoundFX_6.mp3 in Resources */ = {isa = PBXBuildFile; fileRef = A78C49CE2432A7EE00321AFA /* Star Wars SoundFX_6.mp3 */; };
		A78C4A1E2432A7F000321AFA /* Star Wars SoundFX_68.mp3 in Resources */ = {isa = PBXBuildFile; fileRef = A78C49CF2432A7EE00321AFA /* Star Wars SoundFX_68.mp3 */; };
		A78C4A1F2432A7F000321AFA /* Star Wars SoundFX_61.mp3 in Resources */ = {isa = PBXBuildFile; fileRef = A78C49D02432A7EF00321AFA /* Star Wars SoundFX_61.mp3 */; };
		A78C4A202432A7F000321AFA /* Star Wars SoundFX_34.mp3 in Resources */ = {isa = PBXBuildFile; fileRef = A78C49D12432A7EF00321AFA /* Star Wars SoundFX_34.mp3 */; };
		A78C4A212432A7F000321AFA /* Star Wars SoundFX_4.mp3 in Resources */ = {isa = PBXBuildFile; fileRef = A78C49D22432A7EF00321AFA /* Star Wars SoundFX_4.mp3 */; };
		A78C4A222432A7F000321AFA /* Star Wars SoundFX_8.mp3 in Resources */ = {isa = PBXBuildFile; fileRef = A78C49D32432A7EF00321AFA /* Star Wars SoundFX_8.mp3 */; };
		A78C4A232432A7F000321AFA /* Star Wars SoundFX_40.mp3 in Resources */ = {isa = PBXBuildFile; fileRef = A78C49D42432A7EF00321AFA /* Star Wars SoundFX_40.mp3 */; };
		A78C4A242432A7F000321AFA /* Star Wars SoundFX_49.mp3 in Resources */ = {isa = PBXBuildFile; fileRef = A78C49D52432A7EF00321AFA /* Star Wars SoundFX_49.mp3 */; };
		A78C4A252432A7F000321AFA /* Star Wars SoundFX_47.mp3 in Resources */ = {isa = PBXBuildFile; fileRef = A78C49D62432A7EF00321AFA /* Star Wars SoundFX_47.mp3 */; };
		A78C4A262432A7F000321AFA /* Star Wars SoundFX_54.mp3 in Resources */ = {isa = PBXBuildFile; fileRef = A78C49D72432A7EF00321AFA /* Star Wars SoundFX_54.mp3 */; };
		A78C4A272432A7F000321AFA /* Star Wars SoundFX_62.mp3 in Resources */ = {isa = PBXBuildFile; fileRef = A78C49D82432A7EF00321AFA /* Star Wars SoundFX_62.mp3 */; };
		A78C4A282432A7F000321AFA /* Star Wars SoundFX_31.mp3 in Resources */ = {isa = PBXBuildFile; fileRef = A78C49D92432A7F000321AFA /* Star Wars SoundFX_31.mp3 */; };
		A78C4A292432A7F000321AFA /* Star Wars SoundFX_30.mp3 in Resources */ = {isa = PBXBuildFile; fileRef = A78C49DA2432A7F000321AFA /* Star Wars SoundFX_30.mp3 */; };
		A78C4A2A2432A7F000321AFA /* Star Wars SoundFX_16.mp3 in Resources */ = {isa = PBXBuildFile; fileRef = A78C49DB2432A7F000321AFA /* Star Wars SoundFX_16.mp3 */; };
/* End PBXBuildFile section */

/* Begin PBXFileReference section */
		A78C492E243273B600321AFA /* ViewCode.app */ = {isa = PBXFileReference; explicitFileType = wrapper.application; includeInIndex = 0; path = ViewCode.app; sourceTree = BUILT_PRODUCTS_DIR; };
		A78C4931243273B600321AFA /* AppDelegate.swift */ = {isa = PBXFileReference; lastKnownFileType = sourcecode.swift; path = AppDelegate.swift; sourceTree = "<group>"; };
		A78C4933243273B600321AFA /* SceneDelegate.swift */ = {isa = PBXFileReference; lastKnownFileType = sourcecode.swift; path = SceneDelegate.swift; sourceTree = "<group>"; };
		A78C493A243273BA00321AFA /* Assets.xcassets */ = {isa = PBXFileReference; lastKnownFileType = folder.assetcatalog; path = Assets.xcassets; sourceTree = "<group>"; };
		A78C493D243273BA00321AFA /* Base */ = {isa = PBXFileReference; lastKnownFileType = file.storyboard; name = Base; path = Base.lproj/LaunchScreen.storyboard; sourceTree = "<group>"; };
		A78C493F243273BA00321AFA /* Info.plist */ = {isa = PBXFileReference; lastKnownFileType = text.plist.xml; path = Info.plist; sourceTree = "<group>"; };
		A78C494524327C4D00321AFA /* MainViewController.swift */ = {isa = PBXFileReference; lastKnownFileType = sourcecode.swift; path = MainViewController.swift; sourceTree = "<group>"; };
		A78C494724328F3300321AFA /* NextViewController.swift */ = {isa = PBXFileReference; lastKnownFileType = sourcecode.swift; path = NextViewController.swift; sourceTree = "<group>"; };
		A78C498A2432A49400321AFA /* Audios.swift */ = {isa = PBXFileReference; lastKnownFileType = sourcecode.swift; path = Audios.swift; sourceTree = "<group>"; };
		A78C498D2432A7E800321AFA /* Star Wars SoundFX_32.mp3 */ = {isa = PBXFileReference; lastKnownFileType = audio.mp3; path = "Star Wars SoundFX_32.mp3"; sourceTree = "<group>"; };
		A78C498E2432A7E800321AFA /* Star Wars SoundFX_53.mp3 */ = {isa = PBXFileReference; lastKnownFileType = audio.mp3; path = "Star Wars SoundFX_53.mp3"; sourceTree = "<group>"; };
		A78C498F2432A7E800321AFA /* Star Wars SoundFX_10.mp3 */ = {isa = PBXFileReference; lastKnownFileType = audio.mp3; path = "Star Wars SoundFX_10.mp3"; sourceTree = "<group>"; };
		A78C49902432A7E800321AFA /* Star Wars SoundFX_25.mp3 */ = {isa = PBXFileReference; lastKnownFileType = audio.mp3; path = "Star Wars SoundFX_25.mp3"; sourceTree = "<group>"; };
		A78C49912432A7E800321AFA /* Star Wars SoundFX_58.mp3 */ = {isa = PBXFileReference; lastKnownFileType = audio.mp3; path = "Star Wars SoundFX_58.mp3"; sourceTree = "<group>"; };
		A78C49922432A7E800321AFA /* Star Wars SoundFX_76.mp3 */ = {isa = PBXFileReference; lastKnownFileType = audio.mp3; path = "Star Wars SoundFX_76.mp3"; sourceTree = "<group>"; };
		A78C49932432A7E800321AFA /* Star Wars SoundFX_52.mp3 */ = {isa = PBXFileReference; lastKnownFileType = audio.mp3; path = "Star Wars SoundFX_52.mp3"; sourceTree = "<group>"; };
		A78C49942432A7E800321AFA /* Star Wars SoundFX_7.mp3 */ = {isa = PBXFileReference; lastKnownFileType = audio.mp3; path = "Star Wars SoundFX_7.mp3"; sourceTree = "<group>"; };
		A78C49952432A7E800321AFA /* Star Wars SoundFX_38.mp3 */ = {isa = PBXFileReference; lastKnownFileType = audio.mp3; path = "Star Wars SoundFX_38.mp3"; sourceTree = "<group>"; };
		A78C49962432A7E800321AFA /* Star Wars SoundFX_35.mp3 */ = {isa = PBXFileReference; lastKnownFileType = audio.mp3; path = "Star Wars SoundFX_35.mp3"; sourceTree = "<group>"; };
		A78C49972432A7E800321AFA /* Star Wars SoundFX_46.mp3 */ = {isa = PBXFileReference; lastKnownFileType = audio.mp3; path = "Star Wars SoundFX_46.mp3"; sourceTree = "<group>"; };
		A78C49982432A7E800321AFA /* Star Wars SoundFX_45.mp3 */ = {isa = PBXFileReference; lastKnownFileType = audio.mp3; path = "Star Wars SoundFX_45.mp3"; sourceTree = "<group>"; };
		A78C49992432A7E900321AFA /* Star Wars SoundFX_79.mp3 */ = {isa = PBXFileReference; lastKnownFileType = audio.mp3; path = "Star Wars SoundFX_79.mp3"; sourceTree = "<group>"; };
		A78C499A2432A7E900321AFA /* Star Wars SoundFX_23.mp3 */ = {isa = PBXFileReference; lastKnownFileType = audio.mp3; path = "Star Wars SoundFX_23.mp3"; sourceTree = "<group>"; };
		A78C499B2432A7E900321AFA /* Star Wars SoundFX_60.mp3 */ = {isa = PBXFileReference; lastKnownFileType = audio.mp3; path = "Star Wars SoundFX_60.mp3"; sourceTree = "<group>"; };
		A78C499C2432A7E900321AFA /* Star Wars SoundFX_2.mp3 */ = {isa = PBXFileReference; lastKnownFileType = audio.mp3; path = "Star Wars SoundFX_2.mp3"; sourceTree = "<group>"; };
		A78C499D2432A7E900321AFA /* Star Wars SoundFX_77.mp3 */ = {isa = PBXFileReference; lastKnownFileType = audio.mp3; path = "Star Wars SoundFX_77.mp3"; sourceTree = "<group>"; };
		A78C499E2432A7E900321AFA /* Star Wars SoundFX_33.mp3 */ = {isa = PBXFileReference; lastKnownFileType = audio.mp3; path = "Star Wars SoundFX_33.mp3"; sourceTree = "<group>"; };
		A78C499F2432A7E900321AFA /* Star Wars SoundFX_24.mp3 */ = {isa = PBXFileReference; lastKnownFileType = audio.mp3; path = "Star Wars SoundFX_24.mp3"; sourceTree = "<group>"; };
		A78C49A02432A7E900321AFA /* Star Wars SoundFX_11.mp3 */ = {isa = PBXFileReference; lastKnownFileType = audio.mp3; path = "Star Wars SoundFX_11.mp3"; sourceTree = "<group>"; };
		A78C49A12432A7E900321AFA /* Star Wars SoundFX_55.mp3 */ = {isa = PBXFileReference; lastKnownFileType = audio.mp3; path = "Star Wars SoundFX_55.mp3"; sourceTree = "<group>"; };
		A78C49A22432A7E900321AFA /* Star Wars SoundFX_21.mp3 */ = {isa = PBXFileReference; lastKnownFileType = audio.mp3; path = "Star Wars SoundFX_21.mp3"; sourceTree = "<group>"; };
		A78C49A32432A7E900321AFA /* Star Wars SoundFX_67.mp3 */ = {isa = PBXFileReference; lastKnownFileType = audio.mp3; path = "Star Wars SoundFX_67.mp3"; sourceTree = "<group>"; };
		A78C49A42432A7EA00321AFA /* Star Wars SoundFX_19.mp3 */ = {isa = PBXFileReference; lastKnownFileType = audio.mp3; path = "Star Wars SoundFX_19.mp3"; sourceTree = "<group>"; };
		A78C49A52432A7EA00321AFA /* Star Wars SoundFX_71.mp3 */ = {isa = PBXFileReference; lastKnownFileType = audio.mp3; path = "Star Wars SoundFX_71.mp3"; sourceTree = "<group>"; };
		A78C49A62432A7EA00321AFA /* Star Wars SoundFX_12.mp3 */ = {isa = PBXFileReference; lastKnownFileType = audio.mp3; path = "Star Wars SoundFX_12.mp3"; sourceTree = "<group>"; };
		A78C49A72432A7EA00321AFA /* Star Wars SoundFX_64.mp3 */ = {isa = PBXFileReference; lastKnownFileType = audio.mp3; path = "Star Wars SoundFX_64.mp3"; sourceTree = "<group>"; };
		A78C49A82432A7EA00321AFA /* Star Wars SoundFX_15.mp3 */ = {isa = PBXFileReference; lastKnownFileType = audio.mp3; path = "Star Wars SoundFX_15.mp3"; sourceTree = "<group>"; };
		A78C49A92432A7EA00321AFA /* Star Wars SoundFX_37.mp3 */ = {isa = PBXFileReference; lastKnownFileType = audio.mp3; path = "Star Wars SoundFX_37.mp3"; sourceTree = "<group>"; };
		A78C49AA2432A7EA00321AFA /* Star Wars SoundFX_39.mp3 */ = {isa = PBXFileReference; lastKnownFileType = audio.mp3; path = "Star Wars SoundFX_39.mp3"; sourceTree = "<group>"; };
		A78C49AB2432A7EA00321AFA /* Star Wars SoundFX_72.mp3 */ = {isa = PBXFileReference; lastKnownFileType = audio.mp3; path = "Star Wars SoundFX_72.mp3"; sourceTree = "<group>"; };
		A78C49AC2432A7EA00321AFA /* Star Wars SoundFX_17.mp3 */ = {isa = PBXFileReference; lastKnownFileType = audio.mp3; path = "Star Wars SoundFX_17.mp3"; sourceTree = "<group>"; };
		A78C49AD2432A7EA00321AFA /* Star Wars SoundFX_3.mp3 */ = {isa = PBXFileReference; lastKnownFileType = audio.mp3; path = "Star Wars SoundFX_3.mp3"; sourceTree = "<group>"; };
		A78C49AE2432A7EA00321AFA /* Star Wars SoundFX_51.mp3 */ = {isa = PBXFileReference; lastKnownFileType = audio.mp3; path = "Star Wars SoundFX_51.mp3"; sourceTree = "<group>"; };
		A78C49AF2432A7EB00321AFA /* Star Wars SoundFX_74.mp3 */ = {isa = PBXFileReference; lastKnownFileType = audio.mp3; path = "Star Wars SoundFX_74.mp3"; sourceTree = "<group>"; };
		A78C49B02432A7EB00321AFA /* Star Wars SoundFX_75.mp3 */ = {isa = PBXFileReference; lastKnownFileType = audio.mp3; path = "Star Wars SoundFX_75.mp3"; sourceTree = "<group>"; };
		A78C49B12432A7EB00321AFA /* Star Wars SoundFX_78.mp3 */ = {isa = PBXFileReference; lastKnownFileType = audio.mp3; path = "Star Wars SoundFX_78.mp3"; sourceTree = "<group>"; };
		A78C49B22432A7EB00321AFA /* Star Wars SoundFX_28.mp3 */ = {isa = PBXFileReference; lastKnownFileType = audio.mp3; path = "Star Wars SoundFX_28.mp3"; sourceTree = "<group>"; };
		A78C49B32432A7EB00321AFA /* Star Wars SoundFX_41.mp3 */ = {isa = PBXFileReference; lastKnownFileType = audio.mp3; path = "Star Wars SoundFX_41.mp3"; sourceTree = "<group>"; };
		A78C49B42432A7EB00321AFA /* Star Wars SoundFX_27.mp3 */ = {isa = PBXFileReference; lastKnownFileType = audio.mp3; path = "Star Wars SoundFX_27.mp3"; sourceTree = "<group>"; };
		A78C49B52432A7EB00321AFA /* Star Wars SoundFX_13.mp3 */ = {isa = PBXFileReference; lastKnownFileType = audio.mp3; path = "Star Wars SoundFX_13.mp3"; sourceTree = "<group>"; };
		A78C49B62432A7EB00321AFA /* Star Wars SoundFX_65.mp3 */ = {isa = PBXFileReference; lastKnownFileType = audio.mp3; path = "Star Wars SoundFX_65.mp3"; sourceTree = "<group>"; };
		A78C49B72432A7EB00321AFA /* Star Wars SoundFX_73.mp3 */ = {isa = PBXFileReference; lastKnownFileType = audio.mp3; path = "Star Wars SoundFX_73.mp3"; sourceTree = "<group>"; };
		A78C49B82432A7EB00321AFA /* Star Wars SoundFX_50.mp3 */ = {isa = PBXFileReference; lastKnownFileType = audio.mp3; path = "Star Wars SoundFX_50.mp3"; sourceTree = "<group>"; };
		A78C49B92432A7EC00321AFA /* Star Wars SoundFX_63.mp3 */ = {isa = PBXFileReference; lastKnownFileType = audio.mp3; path = "Star Wars SoundFX_63.mp3"; sourceTree = "<group>"; };
		A78C49BA2432A7EC00321AFA /* Star Wars SoundFX_18.mp3 */ = {isa = PBXFileReference; lastKnownFileType = audio.mp3; path = "Star Wars SoundFX_18.mp3"; sourceTree = "<group>"; };
		A78C49BB2432A7EC00321AFA /* Star Wars SoundFX_59.mp3 */ = {isa = PBXFileReference; lastKnownFileType = audio.mp3; path = "Star Wars SoundFX_59.mp3"; sourceTree = "<group>"; };
		A78C49BC2432A7EC00321AFA /* Star Wars SoundFX_70.mp3 */ = {isa = PBXFileReference; lastKnownFileType = audio.mp3; path = "Star Wars SoundFX_70.mp3"; sourceTree = "<group>"; };
		A78C49BD2432A7EC00321AFA /* Star Wars SoundFX_69.mp3 */ = {isa = PBXFileReference; lastKnownFileType = audio.mp3; path = "Star Wars SoundFX_69.mp3"; sourceTree = "<group>"; };
		A78C49BE2432A7EC00321AFA /* Star Wars SoundFX_26.mp3 */ = {isa = PBXFileReference; lastKnownFileType = audio.mp3; path = "Star Wars SoundFX_26.mp3"; sourceTree = "<group>"; };
		A78C49BF2432A7EC00321AFA /* Star Wars SoundFX_14.mp3 */ = {isa = PBXFileReference; lastKnownFileType = audio.mp3; path = "Star Wars SoundFX_14.mp3"; sourceTree = "<group>"; };
		A78C49C02432A7EC00321AFA /* Star Wars SoundFX_29.mp3 */ = {isa = PBXFileReference; lastKnownFileType = audio.mp3; path = "Star Wars SoundFX_29.mp3"; sourceTree = "<group>"; };
		A78C49C12432A7ED00321AFA /* Star Wars SoundFX_5.mp3 */ = {isa = PBXFileReference; lastKnownFileType = audio.mp3; path = "Star Wars SoundFX_5.mp3"; sourceTree = "<group>"; };
		A78C49C22432A7ED00321AFA /* Star Wars SoundFX_44.mp3 */ = {isa = PBXFileReference; lastKnownFileType = audio.mp3; path = "Star Wars SoundFX_44.mp3"; sourceTree = "<group>"; };
		A78C49C32432A7ED00321AFA /* Star Wars SoundFX_36.mp3 */ = {isa = PBXFileReference; lastKnownFileType = audio.mp3; path = "Star Wars SoundFX_36.mp3"; sourceTree = "<group>"; };
		A78C49C42432A7ED00321AFA /* Star Wars SoundFX_66.mp3 */ = {isa = PBXFileReference; lastKnownFileType = audio.mp3; path = "Star Wars SoundFX_66.mp3"; sourceTree = "<group>"; };
		A78C49C52432A7ED00321AFA /* Star Wars SoundFX_43.mp3 */ = {isa = PBXFileReference; lastKnownFileType = audio.mp3; path = "Star Wars SoundFX_43.mp3"; sourceTree = "<group>"; };
		A78C49C62432A7ED00321AFA /* Star Wars SoundFX_9.mp3 */ = {isa = PBXFileReference; lastKnownFileType = audio.mp3; path = "Star Wars SoundFX_9.mp3"; sourceTree = "<group>"; };
		A78C49C72432A7ED00321AFA /* Star Wars SoundFX_48.mp3 */ = {isa = PBXFileReference; lastKnownFileType = audio.mp3; path = "Star Wars SoundFX_48.mp3"; sourceTree = "<group>"; };
		A78C49C82432A7EE00321AFA /* Star Wars SoundFX_57.mp3 */ = {isa = PBXFileReference; lastKnownFileType = audio.mp3; path = "Star Wars SoundFX_57.mp3"; sourceTree = "<group>"; };
		A78C49C92432A7EE00321AFA /* Star Wars SoundFX_42.mp3 */ = {isa = PBXFileReference; lastKnownFileType = audio.mp3; path = "Star Wars SoundFX_42.mp3"; sourceTree = "<group>"; };
		A78C49CA2432A7EE00321AFA /* Star Wars SoundFX_22.mp3 */ = {isa = PBXFileReference; lastKnownFileType = audio.mp3; path = "Star Wars SoundFX_22.mp3"; sourceTree = "<group>"; };
		A78C49CB2432A7EE00321AFA /* Star Wars SoundFX_20.mp3 */ = {isa = PBXFileReference; lastKnownFileType = audio.mp3; path = "Star Wars SoundFX_20.mp3"; sourceTree = "<group>"; };
		A78C49CC2432A7EE00321AFA /* Star Wars SoundFX_56.mp3 */ = {isa = PBXFileReference; lastKnownFileType = audio.mp3; path = "Star Wars SoundFX_56.mp3"; sourceTree = "<group>"; };
		A78C49CD2432A7EE00321AFA /* Star Wars SoundFX_1.mp3 */ = {isa = PBXFileReference; lastKnownFileType = audio.mp3; path = "Star Wars SoundFX_1.mp3"; sourceTree = "<group>"; };
		A78C49CE2432A7EE00321AFA /* Star Wars SoundFX_6.mp3 */ = {isa = PBXFileReference; lastKnownFileType = audio.mp3; path = "Star Wars SoundFX_6.mp3"; sourceTree = "<group>"; };
		A78C49CF2432A7EE00321AFA /* Star Wars SoundFX_68.mp3 */ = {isa = PBXFileReference; lastKnownFileType = audio.mp3; path = "Star Wars SoundFX_68.mp3"; sourceTree = "<group>"; };
		A78C49D02432A7EF00321AFA /* Star Wars SoundFX_61.mp3 */ = {isa = PBXFileReference; lastKnownFileType = audio.mp3; path = "Star Wars SoundFX_61.mp3"; sourceTree = "<group>"; };
		A78C49D12432A7EF00321AFA /* Star Wars SoundFX_34.mp3 */ = {isa = PBXFileReference; lastKnownFileType = audio.mp3; path = "Star Wars SoundFX_34.mp3"; sourceTree = "<group>"; };
		A78C49D22432A7EF00321AFA /* Star Wars SoundFX_4.mp3 */ = {isa = PBXFileReference; lastKnownFileType = audio.mp3; path = "Star Wars SoundFX_4.mp3"; sourceTree = "<group>"; };
		A78C49D32432A7EF00321AFA /* Star Wars SoundFX_8.mp3 */ = {isa = PBXFileReference; lastKnownFileType = audio.mp3; path = "Star Wars SoundFX_8.mp3"; sourceTree = "<group>"; };
		A78C49D42432A7EF00321AFA /* Star Wars SoundFX_40.mp3 */ = {isa = PBXFileReference; lastKnownFileType = audio.mp3; path = "Star Wars SoundFX_40.mp3"; sourceTree = "<group>"; };
		A78C49D52432A7EF00321AFA /* Star Wars SoundFX_49.mp3 */ = {isa = PBXFileReference; lastKnownFileType = audio.mp3; path = "Star Wars SoundFX_49.mp3"; sourceTree = "<group>"; };
		A78C49D62432A7EF00321AFA /* Star Wars SoundFX_47.mp3 */ = {isa = PBXFileReference; lastKnownFileType = audio.mp3; path = "Star Wars SoundFX_47.mp3"; sourceTree = "<group>"; };
		A78C49D72432A7EF00321AFA /* Star Wars SoundFX_54.mp3 */ = {isa = PBXFileReference; lastKnownFileType = audio.mp3; path = "Star Wars SoundFX_54.mp3"; sourceTree = "<group>"; };
		A78C49D82432A7EF00321AFA /* Star Wars SoundFX_62.mp3 */ = {isa = PBXFileReference; lastKnownFileType = audio.mp3; path = "Star Wars SoundFX_62.mp3"; sourceTree = "<group>"; };
		A78C49D92432A7F000321AFA /* Star Wars SoundFX_31.mp3 */ = {isa = PBXFileReference; lastKnownFileType = audio.mp3; path = "Star Wars SoundFX_31.mp3"; sourceTree = "<group>"; };
		A78C49DA2432A7F000321AFA /* Star Wars SoundFX_30.mp3 */ = {isa = PBXFileReference; lastKnownFileType = audio.mp3; path = "Star Wars SoundFX_30.mp3"; sourceTree = "<group>"; };
		A78C49DB2432A7F000321AFA /* Star Wars SoundFX_16.mp3 */ = {isa = PBXFileReference; lastKnownFileType = audio.mp3; path = "Star Wars SoundFX_16.mp3"; sourceTree = "<group>"; };
/* End PBXFileReference section */

/* Begin PBXFrameworksBuildPhase section */
		A78C492B243273B600321AFA /* Frameworks */ = {
			isa = PBXFrameworksBuildPhase;
			buildActionMask = 2147483647;
			files = (
			);
			runOnlyForDeploymentPostprocessing = 0;
		};
/* End PBXFrameworksBuildPhase section */

/* Begin PBXGroup section */
		A78C4925243273B600321AFA = {
			isa = PBXGroup;
			children = (
				A78C4930243273B600321AFA /* ViewCode */,
				A78C492F243273B600321AFA /* Products */,
			);
			sourceTree = "<group>";
		};
		A78C492F243273B600321AFA /* Products */ = {
			isa = PBXGroup;
			children = (
				A78C492E243273B600321AFA /* ViewCode.app */,
			);
			name = Products;
			sourceTree = "<group>";
		};
		A78C4930243273B600321AFA /* ViewCode */ = {
			isa = PBXGroup;
			children = (
				A78C4931243273B600321AFA /* AppDelegate.swift */,
				A78C4933243273B600321AFA /* SceneDelegate.swift */,
				A78C493A243273BA00321AFA /* Assets.xcassets */,
				A78C493C243273BA00321AFA /* LaunchScreen.storyboard */,
				A78C493F243273BA00321AFA /* Info.plist */,
				A78C494524327C4D00321AFA /* MainViewController.swift */,
				A78C498A2432A49400321AFA /* Audios.swift */,
				A78C494724328F3300321AFA /* NextViewController.swift */,
				A78C498C2432A7D100321AFA /* Sounds */,
			);
			path = ViewCode;
			sourceTree = "<group>";
		};
		A78C498C2432A7D100321AFA /* Sounds */ = {
			isa = PBXGroup;
			children = (
				A78C49CD2432A7EE00321AFA /* Star Wars SoundFX_1.mp3 */,
				A78C499C2432A7E900321AFA /* Star Wars SoundFX_2.mp3 */,
				A78C49AD2432A7EA00321AFA /* Star Wars SoundFX_3.mp3 */,
				A78C49D22432A7EF00321AFA /* Star Wars SoundFX_4.mp3 */,
				A78C49C12432A7ED00321AFA /* Star Wars SoundFX_5.mp3 */,
				A78C49CE2432A7EE00321AFA /* Star Wars SoundFX_6.mp3 */,
				A78C49942432A7E800321AFA /* Star Wars SoundFX_7.mp3 */,
				A78C49D32432A7EF00321AFA /* Star Wars SoundFX_8.mp3 */,
				A78C49C62432A7ED00321AFA /* Star Wars SoundFX_9.mp3 */,
				A78C498F2432A7E800321AFA /* Star Wars SoundFX_10.mp3 */,
				A78C49A02432A7E900321AFA /* Star Wars SoundFX_11.mp3 */,
				A78C49A62432A7EA00321AFA /* Star Wars SoundFX_12.mp3 */,
				A78C49B52432A7EB00321AFA /* Star Wars SoundFX_13.mp3 */,
				A78C49BF2432A7EC00321AFA /* Star Wars SoundFX_14.mp3 */,
				A78C49A82432A7EA00321AFA /* Star Wars SoundFX_15.mp3 */,
				A78C49DB2432A7F000321AFA /* Star Wars SoundFX_16.mp3 */,
				A78C49AC2432A7EA00321AFA /* Star Wars SoundFX_17.mp3 */,
				A78C49BA2432A7EC00321AFA /* Star Wars SoundFX_18.mp3 */,
				A78C49A42432A7EA00321AFA /* Star Wars SoundFX_19.mp3 */,
				A78C49CB2432A7EE00321AFA /* Star Wars SoundFX_20.mp3 */,
				A78C49A22432A7E900321AFA /* Star Wars SoundFX_21.mp3 */,
				A78C49CA2432A7EE00321AFA /* Star Wars SoundFX_22.mp3 */,
				A78C499A2432A7E900321AFA /* Star Wars SoundFX_23.mp3 */,
				A78C499F2432A7E900321AFA /* Star Wars SoundFX_24.mp3 */,
				A78C49902432A7E800321AFA /* Star Wars SoundFX_25.mp3 */,
				A78C49BE2432A7EC00321AFA /* Star Wars SoundFX_26.mp3 */,
				A78C49B42432A7EB00321AFA /* Star Wars SoundFX_27.mp3 */,
				A78C49B22432A7EB00321AFA /* Star Wars SoundFX_28.mp3 */,
				A78C49C02432A7EC00321AFA /* Star Wars SoundFX_29.mp3 */,
				A78C49DA2432A7F000321AFA /* Star Wars SoundFX_30.mp3 */,
				A78C49D92432A7F000321AFA /* Star Wars SoundFX_31.mp3 */,
				A78C498D2432A7E800321AFA /* Star Wars SoundFX_32.mp3 */,
				A78C499E2432A7E900321AFA /* Star Wars SoundFX_33.mp3 */,
				A78C49D12432A7EF00321AFA /* Star Wars SoundFX_34.mp3 */,
				A78C49962432A7E800321AFA /* Star Wars SoundFX_35.mp3 */,
				A78C49C32432A7ED00321AFA /* Star Wars SoundFX_36.mp3 */,
				A78C49A92432A7EA00321AFA /* Star Wars SoundFX_37.mp3 */,
				A78C49952432A7E800321AFA /* Star Wars SoundFX_38.mp3 */,
				A78C49AA2432A7EA00321AFA /* Star Wars SoundFX_39.mp3 */,
				A78C49D42432A7EF00321AFA /* Star Wars SoundFX_40.mp3 */,
				A78C49B32432A7EB00321AFA /* Star Wars SoundFX_41.mp3 */,
				A78C49C92432A7EE00321AFA /* Star Wars SoundFX_42.mp3 */,
				A78C49C52432A7ED00321AFA /* Star Wars SoundFX_43.mp3 */,
				A78C49C22432A7ED00321AFA /* Star Wars SoundFX_44.mp3 */,
				A78C49982432A7E800321AFA /* Star Wars SoundFX_45.mp3 */,
				A78C49972432A7E800321AFA /* Star Wars SoundFX_46.mp3 */,
				A78C49D62432A7EF00321AFA /* Star Wars SoundFX_47.mp3 */,
				A78C49C72432A7ED00321AFA /* Star Wars SoundFX_48.mp3 */,
				A78C49D52432A7EF00321AFA /* Star Wars SoundFX_49.mp3 */,
				A78C49B82432A7EB00321AFA /* Star Wars SoundFX_50.mp3 */,
				A78C49AE2432A7EA00321AFA /* Star Wars SoundFX_51.mp3 */,
				A78C49932432A7E800321AFA /* Star Wars SoundFX_52.mp3 */,
				A78C498E2432A7E800321AFA /* Star Wars SoundFX_53.mp3 */,
				A78C49D72432A7EF00321AFA /* Star Wars SoundFX_54.mp3 */,
				A78C49A12432A7E900321AFA /* Star Wars SoundFX_55.mp3 */,
				A78C49CC2432A7EE00321AFA /* Star Wars SoundFX_56.mp3 */,
				A78C49C82432A7EE00321AFA /* Star Wars SoundFX_57.mp3 */,
				A78C49912432A7E800321AFA /* Star Wars SoundFX_58.mp3 */,
				A78C49BB2432A7EC00321AFA /* Star Wars SoundFX_59.mp3 */,
				A78C499B2432A7E900321AFA /* Star Wars SoundFX_60.mp3 */,
				A78C49D02432A7EF00321AFA /* Star Wars SoundFX_61.mp3 */,
				A78C49D82432A7EF00321AFA /* Star Wars SoundFX_62.mp3 */,
				A78C49B92432A7EC00321AFA /* Star Wars SoundFX_63.mp3 */,
				A78C49A72432A7EA00321AFA /* Star Wars SoundFX_64.mp3 */,
				A78C49B62432A7EB00321AFA /* Star Wars SoundFX_65.mp3 */,
				A78C49C42432A7ED00321AFA /* Star Wars SoundFX_66.mp3 */,
				A78C49A32432A7E900321AFA /* Star Wars SoundFX_67.mp3 */,
				A78C49CF2432A7EE00321AFA /* Star Wars SoundFX_68.mp3 */,
				A78C49BD2432A7EC00321AFA /* Star Wars SoundFX_69.mp3 */,
				A78C49BC2432A7EC00321AFA /* Star Wars SoundFX_70.mp3 */,
				A78C49A52432A7EA00321AFA /* Star Wars SoundFX_71.mp3 */,
				A78C49AB2432A7EA00321AFA /* Star Wars SoundFX_72.mp3 */,
				A78C49B72432A7EB00321AFA /* Star Wars SoundFX_73.mp3 */,
				A78C49AF2432A7EB00321AFA /* Star Wars SoundFX_74.mp3 */,
				A78C49B02432A7EB00321AFA /* Star Wars SoundFX_75.mp3 */,
				A78C49922432A7E800321AFA /* Star Wars SoundFX_76.mp3 */,
				A78C499D2432A7E900321AFA /* Star Wars SoundFX_77.mp3 */,
				A78C49B12432A7EB00321AFA /* Star Wars SoundFX_78.mp3 */,
				A78C49992432A7E900321AFA /* Star Wars SoundFX_79.mp3 */,
			);
			path = Sounds;
			sourceTree = "<group>";
		};
/* End PBXGroup section */

/* Begin PBXNativeTarget section */
		A78C492D243273B600321AFA /* ViewCode */ = {
			isa = PBXNativeTarget;
			buildConfigurationList = A78C4942243273BA00321AFA /* Build configuration list for PBXNativeTarget "ViewCode" */;
			buildPhases = (
				A78C492A243273B600321AFA /* Sources */,
				A78C492B243273B600321AFA /* Frameworks */,
				A78C492C243273B600321AFA /* Resources */,
			);
			buildRules = (
			);
			dependencies = (
			);
			name = ViewCode;
			productName = ViewCode;
			productReference = A78C492E243273B600321AFA /* ViewCode.app */;
			productType = "com.apple.product-type.application";
		};
/* End PBXNativeTarget section */

/* Begin PBXProject section */
		A78C4926243273B600321AFA /* Project object */ = {
			isa = PBXProject;
			attributes = {
				LastSwiftUpdateCheck = 1140;
				LastUpgradeCheck = 1140;
				ORGANIZATIONNAME = "Leonardo Oliveira";
				TargetAttributes = {
					A78C492D243273B600321AFA = {
						CreatedOnToolsVersion = 11.4;
					};
				};
			};
			buildConfigurationList = A78C4929243273B600321AFA /* Build configuration list for PBXProject "ViewCode" */;
			compatibilityVersion = "Xcode 9.3";
			developmentRegion = en;
			hasScannedForEncodings = 0;
			knownRegions = (
				en,
				Base,
			);
			mainGroup = A78C4925243273B600321AFA;
			productRefGroup = A78C492F243273B600321AFA /* Products */;
			projectDirPath = "";
			projectRoot = "";
			targets = (
				A78C492D243273B600321AFA /* ViewCode */,
			);
		};
/* End PBXProject section */

/* Begin PBXResourcesBuildPhase section */
		A78C492C243273B600321AFA /* Resources */ = {
			isa = PBXResourcesBuildPhase;
			buildActionMask = 2147483647;
			files = (
				A78C49E12432A7F000321AFA /* Star Wars SoundFX_76.mp3 in Resources */,
				A78C49ED2432A7F000321AFA /* Star Wars SoundFX_33.mp3 in Resources */,
				A78C4A252432A7F000321AFA /* Star Wars SoundFX_47.mp3 in Resources */,
				A78C4A142432A7F000321AFA /* Star Wars SoundFX_43.mp3 in Resources */,
				A78C4A262432A7F000321AFA /* Star Wars SoundFX_54.mp3 in Resources */,
				A78C4A152432A7F000321AFA /* Star Wars SoundFX_9.mp3 in Resources */,
				A78C4A292432A7F000321AFA /* Star Wars SoundFX_30.mp3 in Resources */,
				A78C4A122432A7F000321AFA /* Star Wars SoundFX_36.mp3 in Resources */,
				A78C4A0C2432A7F000321AFA /* Star Wars SoundFX_69.mp3 in Resources */,
				A78C4A212432A7F000321AFA /* Star Wars SoundFX_4.mp3 in Resources */,
				A78C4A112432A7F000321AFA /* Star Wars SoundFX_44.mp3 in Resources */,
				A78C49F82432A7F000321AFA /* Star Wars SoundFX_37.mp3 in Resources */,
				A78C49FE2432A7F000321AFA /* Star Wars SoundFX_74.mp3 in Resources */,
				A78C493E243273BA00321AFA /* LaunchScreen.storyboard in Resources */,
				A78C49FC2432A7F000321AFA /* Star Wars SoundFX_3.mp3 in Resources */,
				A78C49EC2432A7F000321AFA /* Star Wars SoundFX_77.mp3 in Resources */,
				A78C4A202432A7F000321AFA /* Star Wars SoundFX_34.mp3 in Resources */,
				A78C49DE2432A7F000321AFA /* Star Wars SoundFX_10.mp3 in Resources */,
				A78C49E62432A7F000321AFA /* Star Wars SoundFX_46.mp3 in Resources */,
				A78C4A1B2432A7F000321AFA /* Star Wars SoundFX_56.mp3 in Resources */,
				A78C49EA2432A7F000321AFA /* Star Wars SoundFX_60.mp3 in Resources */,
				A78C4A1D2432A7F000321AFA /* Star Wars SoundFX_6.mp3 in Resources */,
				A78C4A1E2432A7F000321AFA /* Star Wars SoundFX_68.mp3 in Resources */,
				A78C4A132432A7F000321AFA /* Star Wars SoundFX_66.mp3 in Resources */,
				A78C4A1A2432A7F000321AFA /* Star Wars SoundFX_20.mp3 in Resources */,
				A78C49E02432A7F000321AFA /* Star Wars SoundFX_58.mp3 in Resources */,
				A78C4A2A2432A7F000321AFA /* Star Wars SoundFX_16.mp3 in Resources */,
				A78C49EE2432A7F000321AFA /* Star Wars SoundFX_24.mp3 in Resources */,
				A78C49DF2432A7F000321AFA /* Star Wars SoundFX_25.mp3 in Resources */,
				A78C49F02432A7F000321AFA /* Star Wars SoundFX_55.mp3 in Resources */,
				A78C4A242432A7F000321AFA /* Star Wars SoundFX_49.mp3 in Resources */,
				A78C49F72432A7F000321AFA /* Star Wars SoundFX_15.mp3 in Resources */,
				A78C49E72432A7F000321AFA /* Star Wars SoundFX_45.mp3 in Resources */,
				A78C4A042432A7F000321AFA /* Star Wars SoundFX_13.mp3 in Resources */,
				A78C49E32432A7F000321AFA /* Star Wars SoundFX_7.mp3 in Resources */,
				A78C4A052432A7F000321AFA /* Star Wars SoundFX_65.mp3 in Resources */,
				A78C49E92432A7F000321AFA /* Star Wars SoundFX_23.mp3 in Resources */,
				A78C4A0E2432A7F000321AFA /* Star Wars SoundFX_14.mp3 in Resources */,
				A78C49FD2432A7F000321AFA /* Star Wars SoundFX_51.mp3 in Resources */,
				A78C49F12432A7F000321AFA /* Star Wars SoundFX_21.mp3 in Resources */,
				A78C49F32432A7F000321AFA /* Star Wars SoundFX_19.mp3 in Resources */,
				A78C4A012432A7F000321AFA /* Star Wars SoundFX_28.mp3 in Resources */,
				A78C4A172432A7F000321AFA /* Star Wars SoundFX_57.mp3 in Resources */,
				A78C4A0F2432A7F000321AFA /* Star Wars SoundFX_29.mp3 in Resources */,
				A78C49FF2432A7F000321AFA /* Star Wars SoundFX_75.mp3 in Resources */,
				A78C49E42432A7F000321AFA /* Star Wars SoundFX_38.mp3 in Resources */,
				A78C4A062432A7F000321AFA /* Star Wars SoundFX_73.mp3 in Resources */,
				A78C493B243273BA00321AFA /* Assets.xcassets in Resources */,
				A78C4A072432A7F000321AFA /* Star Wars SoundFX_50.mp3 in Resources */,
				A78C4A022432A7F000321AFA /* Star Wars SoundFX_41.mp3 in Resources */,
				A78C4A1C2432A7F000321AFA /* Star Wars SoundFX_1.mp3 in Resources */,
				A78C49EB2432A7F000321AFA /* Star Wars SoundFX_2.mp3 in Resources */,
				A78C49DC2432A7F000321AFA /* Star Wars SoundFX_32.mp3 in Resources */,
				A78C49E82432A7F000321AFA /* Star Wars SoundFX_79.mp3 in Resources */,
				A78C49FA2432A7F000321AFA /* Star Wars SoundFX_72.mp3 in Resources */,
				A78C4A0D2432A7F000321AFA /* Star Wars SoundFX_26.mp3 in Resources */,
				A78C49DD2432A7F000321AFA /* Star Wars SoundFX_53.mp3 in Resources */,
				A78C49F52432A7F000321AFA /* Star Wars SoundFX_12.mp3 in Resources */,
				A78C4A232432A7F000321AFA /* Star Wars SoundFX_40.mp3 in Resources */,
				A78C49F22432A7F000321AFA /* Star Wars SoundFX_67.mp3 in Resources */,
				A78C49EF2432A7F000321AFA /* Star Wars SoundFX_11.mp3 in Resources */,
				A78C49F62432A7F000321AFA /* Star Wars SoundFX_64.mp3 in Resources */,
				A78C49E22432A7F000321AFA /* Star Wars SoundFX_52.mp3 in Resources */,
				A78C49E52432A7F000321AFA /* Star Wars SoundFX_35.mp3 in Resources */,
				A78C4A082432A7F000321AFA /* Star Wars SoundFX_63.mp3 in Resources */,
				A78C4A002432A7F000321AFA /* Star Wars SoundFX_78.mp3 in Resources */,
				A78C4A182432A7F000321AFA /* Star Wars SoundFX_42.mp3 in Resources */,
				A78C4A162432A7F000321AFA /* Star Wars SoundFX_48.mp3 in Resources */,
				A78C4A192432A7F000321AFA /* Star Wars SoundFX_22.mp3 in Resources */,
				A78C4A102432A7F000321AFA /* Star Wars SoundFX_5.mp3 in Resources */,
				A78C4A032432A7F000321AFA /* Star Wars SoundFX_27.mp3 in Resources */,
				A78C4A092432A7F000321AFA /* Star Wars SoundFX_18.mp3 in Resources */,
				A78C49F42432A7F000321AFA /* Star Wars SoundFX_71.mp3 in Resources */,
				A78C4A272432A7F000321AFA /* Star Wars SoundFX_62.mp3 in Resources */,
				A78C4A0B2432A7F000321AFA /* Star Wars SoundFX_70.mp3 in Resources */,
				A78C4A1F2432A7F000321AFA /* Star Wars SoundFX_61.mp3 in Resources */,
				A78C4A282432A7F000321AFA /* Star Wars SoundFX_31.mp3 in Resources */,
				A78C49F92432A7F000321AFA /* Star Wars SoundFX_39.mp3 in Resources */,
				A78C4A0A2432A7F000321AFA /* Star Wars SoundFX_59.mp3 in Resources */,
				A78C49FB2432A7F000321AFA /* Star Wars SoundFX_17.mp3 in Resources */,
				A78C4A222432A7F000321AFA /* Star Wars SoundFX_8.mp3 in Resources */,
			);
			runOnlyForDeploymentPostprocessing = 0;
		};
/* End PBXResourcesBuildPhase section */

/* Begin PBXSourcesBuildPhase section */
		A78C492A243273B600321AFA /* Sources */ = {
			isa = PBXSourcesBuildPhase;
			buildActionMask = 2147483647;
			files = (
				A78C494624327C4D00321AFA /* MainViewController.swift in Sources */,
				A78C494824328F3300321AFA /* NextViewController.swift in Sources */,
				A78C4932243273B600321AFA /* AppDelegate.swift in Sources */,
				A78C4934243273B600321AFA /* SceneDelegate.swift in Sources */,
				A78C498B2432A49400321AFA /* Audios.swift in Sources */,
			);
			runOnlyForDeploymentPostprocessing = 0;
		};
/* End PBXSourcesBuildPhase section */

/* Begin PBXVariantGroup section */
		A78C493C243273BA00321AFA /* LaunchScreen.storyboard */ = {
			isa = PBXVariantGroup;
			children = (
				A78C493D243273BA00321AFA /* Base */,
			);
			name = LaunchScreen.storyboard;
			sourceTree = "<group>";
		};
/* End PBXVariantGroup section */

/* Begin XCBuildConfiguration section */
		A78C4940243273BA00321AFA /* Debug */ = {
			isa = XCBuildConfiguration;
			buildSettings = {
				ALWAYS_SEARCH_USER_PATHS = NO;
				CLANG_ANALYZER_NONNULL = YES;
				CLANG_ANALYZER_NUMBER_OBJECT_CONVERSION = YES_AGGRESSIVE;
				CLANG_CXX_LANGUAGE_STANDARD = "gnu++14";
				CLANG_CXX_LIBRARY = "libc++";
				CLANG_ENABLE_MODULES = YES;
				CLANG_ENABLE_OBJC_ARC = YES;
				CLANG_ENABLE_OBJC_WEAK = YES;
				CLANG_WARN_BLOCK_CAPTURE_AUTORELEASING = YES;
				CLANG_WARN_BOOL_CONVERSION = YES;
				CLANG_WARN_COMMA = YES;
				CLANG_WARN_CONSTANT_CONVERSION = YES;
				CLANG_WARN_DEPRECATED_OBJC_IMPLEMENTATIONS = YES;
				CLANG_WARN_DIRECT_OBJC_ISA_USAGE = YES_ERROR;
				CLANG_WARN_DOCUMENTATION_COMMENTS = YES;
				CLANG_WARN_EMPTY_BODY = YES;
				CLANG_WARN_ENUM_CONVERSION = YES;
				CLANG_WARN_INFINITE_RECURSION = YES;
				CLANG_WARN_INT_CONVERSION = YES;
				CLANG_WARN_NON_LITERAL_NULL_CONVERSION = YES;
				CLANG_WARN_OBJC_IMPLICIT_RETAIN_SELF = YES;
				CLANG_WARN_OBJC_LITERAL_CONVERSION = YES;
				CLANG_WARN_OBJC_ROOT_CLASS = YES_ERROR;
				CLANG_WARN_RANGE_LOOP_ANALYSIS = YES;
				CLANG_WARN_STRICT_PROTOTYPES = YES;
				CLANG_WARN_SUSPICIOUS_MOVE = YES;
				CLANG_WARN_UNGUARDED_AVAILABILITY = YES_AGGRESSIVE;
				CLANG_WARN_UNREACHABLE_CODE = YES;
				CLANG_WARN__DUPLICATE_METHOD_MATCH = YES;
				COPY_PHASE_STRIP = NO;
				DEBUG_INFORMATION_FORMAT = dwarf;
				ENABLE_STRICT_OBJC_MSGSEND = YES;
				ENABLE_TESTABILITY = YES;
				GCC_C_LANGUAGE_STANDARD = gnu11;
				GCC_DYNAMIC_NO_PIC = NO;
				GCC_NO_COMMON_BLOCKS = YES;
				GCC_OPTIMIZATION_LEVEL = 0;
				GCC_PREPROCESSOR_DEFINITIONS = (
					"DEBUG=1",
					"$(inherited)",
				);
				GCC_WARN_64_TO_32_BIT_CONVERSION = YES;
				GCC_WARN_ABOUT_RETURN_TYPE = YES_ERROR;
				GCC_WARN_UNDECLARED_SELECTOR = YES;
				GCC_WARN_UNINITIALIZED_AUTOS = YES_AGGRESSIVE;
				GCC_WARN_UNUSED_FUNCTION = YES;
				GCC_WARN_UNUSED_VARIABLE = YES;
				IPHONEOS_DEPLOYMENT_TARGET = 13.4;
				MTL_ENABLE_DEBUG_INFO = INCLUDE_SOURCE;
				MTL_FAST_MATH = YES;
				ONLY_ACTIVE_ARCH = YES;
				SDKROOT = iphoneos;
				SWIFT_ACTIVE_COMPILATION_CONDITIONS = DEBUG;
				SWIFT_OPTIMIZATION_LEVEL = "-Onone";
			};
			name = Debug;
		};
		A78C4941243273BA00321AFA /* Release */ = {
			isa = XCBuildConfiguration;
			buildSettings = {
				ALWAYS_SEARCH_USER_PATHS = NO;
				CLANG_ANALYZER_NONNULL = YES;
				CLANG_ANALYZER_NUMBER_OBJECT_CONVERSION = YES_AGGRESSIVE;
				CLANG_CXX_LANGUAGE_STANDARD = "gnu++14";
				CLANG_CXX_LIBRARY = "libc++";
				CLANG_ENABLE_MODULES = YES;
				CLANG_ENABLE_OBJC_ARC = YES;
				CLANG_ENABLE_OBJC_WEAK = YES;
				CLANG_WARN_BLOCK_CAPTURE_AUTORELEASING = YES;
				CLANG_WARN_BOOL_CONVERSION = YES;
				CLANG_WARN_COMMA = YES;
				CLANG_WARN_CONSTANT_CONVERSION = YES;
				CLANG_WARN_DEPRECATED_OBJC_IMPLEMENTATIONS = YES;
				CLANG_WARN_DIRECT_OBJC_ISA_USAGE = YES_ERROR;
				CLANG_WARN_DOCUMENTATION_COMMENTS = YES;
				CLANG_WARN_EMPTY_BODY = YES;
				CLANG_WARN_ENUM_CONVERSION = YES;
				CLANG_WARN_INFINITE_RECURSION = YES;
				CLANG_WARN_INT_CONVERSION = YES;
				CLANG_WARN_NON_LITERAL_NULL_CONVERSION = YES;
				CLANG_WARN_OBJC_IMPLICIT_RETAIN_SELF = YES;
				CLANG_WARN_OBJC_LITERAL_CONVERSION = YES;
				CLANG_WARN_OBJC_ROOT_CLASS = YES_ERROR;
				CLANG_WARN_RANGE_LOOP_ANALYSIS = YES;
				CLANG_WARN_STRICT_PROTOTYPES = YES;
				CLANG_WARN_SUSPICIOUS_MOVE = YES;
				CLANG_WARN_UNGUARDED_AVAILABILITY = YES_AGGRESSIVE;
				CLANG_WARN_UNREACHABLE_CODE = YES;
				CLANG_WARN__DUPLICATE_METHOD_MATCH = YES;
				COPY_PHASE_STRIP = NO;
				DEBUG_INFORMATION_FORMAT = "dwarf-with-dsym";
				ENABLE_NS_ASSERTIONS = NO;
				ENABLE_STRICT_OBJC_MSGSEND = YES;
				GCC_C_LANGUAGE_STANDARD = gnu11;
				GCC_NO_COMMON_BLOCKS = YES;
				GCC_WARN_64_TO_32_BIT_CONVERSION = YES;
				GCC_WARN_ABOUT_RETURN_TYPE = YES_ERROR;
				GCC_WARN_UNDECLARED_SELECTOR = YES;
				GCC_WARN_UNINITIALIZED_AUTOS = YES_AGGRESSIVE;
				GCC_WARN_UNUSED_FUNCTION = YES;
				GCC_WARN_UNUSED_VARIABLE = YES;
				IPHONEOS_DEPLOYMENT_TARGET = 13.4;
				MTL_ENABLE_DEBUG_INFO = NO;
				MTL_FAST_MATH = YES;
				SDKROOT = iphoneos;
				SWIFT_COMPILATION_MODE = wholemodule;
				SWIFT_OPTIMIZATION_LEVEL = "-O";
				VALIDATE_PRODUCT = YES;
			};
			name = Release;
		};
		A78C4943243273BA00321AFA /* Debug */ = {
			isa = XCBuildConfiguration;
			buildSettings = {
				ASSETCATALOG_COMPILER_APPICON_NAME = AppIcon;
				CODE_SIGN_STYLE = Automatic;
				DEVELOPMENT_TEAM = 4BUKN8ST5B;
				INFOPLIST_FILE = ViewCode/Info.plist;
				LD_RUNPATH_SEARCH_PATHS = (
					"$(inherited)",
					"@executable_path/Frameworks",
				);
				PRODUCT_BUNDLE_IDENTIFIER = LeonardoAOliveira.ViewCode;
				PRODUCT_NAME = "$(TARGET_NAME)";
				SWIFT_VERSION = 5.0;
				TARGETED_DEVICE_FAMILY = 1;
			};
			name = Debug;
		};
		A78C4944243273BA00321AFA /* Release */ = {
			isa = XCBuildConfiguration;
			buildSettings = {
				ASSETCATALOG_COMPILER_APPICON_NAME = AppIcon;
				CODE_SIGN_STYLE = Automatic;
				DEVELOPMENT_TEAM = 4BUKN8ST5B;
				INFOPLIST_FILE = ViewCode/Info.plist;
				LD_RUNPATH_SEARCH_PATHS = (
					"$(inherited)",
					"@executable_path/Frameworks",
				);
				PRODUCT_BUNDLE_IDENTIFIER = LeonardoAOliveira.ViewCode;
				PRODUCT_NAME = "$(TARGET_NAME)";
				SWIFT_VERSION = 5.0;
				TARGETED_DEVICE_FAMILY = 1;
			};
			name = Release;
		};
/* End XCBuildConfiguration section */

/* Begin XCConfigurationList section */
		A78C4929243273B600321AFA /* Build configuration list for PBXProject "ViewCode" */ = {
			isa = XCConfigurationList;
			buildConfigurations = (
				A78C4940243273BA00321AFA /* Debug */,
				A78C4941243273BA00321AFA /* Release */,
			);
			defaultConfigurationIsVisible = 0;
			defaultConfigurationName = Release;
		};
		A78C4942243273BA00321AFA /* Build configuration list for PBXNativeTarget "ViewCode" */ = {
			isa = XCConfigurationList;
			buildConfigurations = (
				A78C4943243273BA00321AFA /* Debug */,
				A78C4944243273BA00321AFA /* Release */,
			);
			defaultConfigurationIsVisible = 0;
			defaultConfigurationName = Release;
		};
/* End XCConfigurationList section */
	};
	rootObject = A78C4926243273B600321AFA /* Project object */;
}
